github.com/aws/aws-sdk-go-v2 v1.39.3 h1:h7xSsanJ4EQJXG5iuW4UqgP7qBopLpj84mpkNx3wPjM=
github.com/aws/aws-sdk-go-v2 v1.39.3/go.mod h1:yWSxrnioGUZ4WVv9TgMrNUeLV3PFESn/v+6T/Su8gnM=
github.com/aws/aws-sdk-go-v2/config v1.31.0 h1:9yH0xiY5fUnVNLRWO0AtayqwU1ndriZdN78LlhruJR4=
github.com/aws/aws-sdk-go-v2/config v1.31.0/go.mod h1:VeV3K72nXnhbe4EuxxhzsDc/ByrCSlZwUnWH52Nde/I=
github.com/aws/aws-sdk-go-v2/credentials v1.18.4 h1:IPd0Algf1b+Qy9BcDp0sCUcIWdCQPSzDoMK3a8pcbUM=
github.com/aws/aws-sdk-go-v2/credentials v1.18.4/go.mod h1:nwg78FjH2qvsRM1EVZlX9WuGUJOL5od+0qvm0adEzHk=
github.com/aws/aws-sdk-go-v2/feature/ec2/imds v1.18.3 h1:GicIdnekoJsjq9wqnvyi2elW6CGMSYKhdozE7/Svh78=
github.com/aws/aws-sdk-go-v2/feature/ec2/imds v1.18.3/go.mod h1:R7BIi6WNC5mc1kfRM7XM/VHC3uRWkjc396sfabq4iOo=
github.com/aws/aws-sdk-go-v2/internal/configsources v1.4.10 h1:mj/bdWleWEh81DtpdHKkw41IrS+r3uw1J/VQtbwYYp8=
github.com/aws/aws-sdk-go-v2/internal/configsources v1.4.10/go.mod h1:7+oEMxAZWP8gZCyjcm9VicI0M61Sx4DJtcGfKYv2yKQ=
github.com/aws/aws-sdk-go-v2/internal/endpoints/v2 v2.7.10 h1:wh+/mn57yhUrFtLIxyFPh2RgxgQz/u+Yrf7hiHGHqKY=
github.com/aws/aws-sdk-go-v2/internal/endpoints/v2 v2.7.10/go.mod h1:7zirD+ryp5gitJJ2m1BBux56ai8RIRDykXZrJSp540w=
github.com/aws/aws-sdk-go-v2/internal/ini v1.8.3 h1:bIqFDwgGXXN1Kpp99pDOdKMTTb5d2KyU5X/BZxjOkRo=
github.com/aws/aws-sdk-go-v2/internal/ini v1.8.3/go.mod h1:H5O/EsxDWyU+LP/V8i5sm8cxoZgc2fdNR9bxlOFrQTo=
github.com/aws/aws-sdk-go-v2/service/internal/accept-encoding v1.13.2 h1:xtuxji5CS0JknaXoACOunXOYOQzgfTvGAc9s2QdCJA4=
github.com/aws/aws-sdk-go-v2/service/internal/accept-encoding v1.13.2/go.mod h1:zxwi0DIR0rcRcgdbl7E2MSOvxDyyXGBlScvBkARFaLQ=
github.com/aws/aws-sdk-go-v2/service/internal/presigned-url v1.13.10 h1:DRND0dkCKtJzCj4Xl4OpVbXZgfttY5q712H9Zj7qc/0=
github.com/aws/aws-sdk-go-v2/service/internal/presigned-url v1.13.10/go.mod h1:tGGNmJKOTernmR2+VJ0fCzQRurcPZj9ut60Zu5Fi6us=
github.com/aws/aws-sdk-go-v2/service/secretsmanager v1.35.8 h1:HD6R8K10gPbN9CNqRDOs42QombXlYeLOr4KkIxe2lQs=
github.com/aws/aws-sdk-go-v2/service/secretsmanager v1.35.8/go.mod h1:x66GdH8qjYTr6Kb4ik38Ewl6moLsg8igbceNsmxVxeA=
github.com/aws/aws-sdk-go-v2/service/sso v1.28.0 h1:Mc/MKBf2m4VynyJkABoVEN+QzkfLqGj0aiJuEe7cMeM=
github.com/aws/aws-sdk-go-v2/service/sso v1.28.0/go.mod h1:iS5OmxEcN4QIPXARGhavH7S8kETNL11kym6jhoS7IUQ=
github.com/aws/aws-sdk-go-v2/service/ssooidc v1.33.0 h1:6csaS/aJmqZQbKhi1EyEMM7yBW653Wy/B9hnBofW+sw=
github.com/aws/aws-sdk-go-v2/service/ssooidc v1.33.0/go.mod h1:59qHWaY5B+Rs7HGTuVGaC32m0rdpQ68N8QCN3khYiqs=
github.com/aws/aws-sdk-go-v2/service/sts v1.38.7 h1:VEO5dqFkMsl8QZ2yHsFDJAIZLAkEbaYDB+xdKi0Feic=
github.com/aws/aws-sdk-go-v2/service/sts v1.38.7/go.mod h1:L1xxV3zAdB+qVrVW/pBIrIAnHFWHo6FBbFe4xOGsG/o=
github.com/aws/smithy-go v1.23.1 h1:sLvcH6dfAFwGkHLZ7dGiYF7aK6mg4CgKA/iDKjLDt9M=
github.com/aws/smithy-go v1.23.1/go.mod h1:LEj2LM3rBRQJxPZTB4KuzZkaZYnZPnvgIhb4pu07mx0=
github.com/golang-jwt/jwt/v5 v5.2.2 h1:Rl4B7itRWVtYIHFrSNd7vhTiz9UpLdi6gZhZ3wEeDy8=
github.com/golang-jwt/jwt/v5 v5.2.2/go.mod h1:pqrtFR0X4osieyHYxtmOUWsAWrfe1Q5UVIyoH402zdk=
github.com/samsarahq/github-app-credential-helper v0.0.4 h1:FW/U9+/y2jc4YbGUBFJF8BVV8FPZ5ITZ6/6XtiUBA8I=
github.com/samsarahq/github-app-credential-helper v0.0.4/go.mod h1:86nUY4AyLsbV68ezQtfwIWDP6Q7oCmCT/tCuGLR4tKA=
